github.com/ymohl-cl/monogopkg/pkg2/pkg1 v0.0.0-20190422232016-d2c3d30ade58 h1:OsOiHnnT50Q40wulvFay1WNg05c6TW0YzETIDQZM58M=
github.com/ymohl-cl/monogopkg/pkg2/pkg1 v0.0.0-20190422232016-d2c3d30ade58/go.mod h1:hl6NcWVTtdygIp6haZg7GvesKI2FZ1OpK+OVVGWLXdM=
github.com/ymohl-cl/monogopkg/pkg2/pkg2 v0.0.0-20190422232016-d2c3d30ade58 h1:niaz4EVj6Bv3fRfze/Y3rQR5dB+F9SNdoXqdBnBafkY=
github.com/ymohl-cl/monogopkg/pkg2/pkg2 v0.0.0-20190422232016-d2c3d30ade58/go.mod h1:vKGNyTOCQHt79WaLCoxrzDmy8nFAlFzrESliJU0F5UA=
github.com/ymohl-cl/monogopkg/pkg2/pkg3 v0.0.0-20190422232016-d2c3d30ade58 h1:KtKxOp2xt+jOraR8Uh/4IfMPSSUrKzik9Bvn/AcxP9s=
github.com/ymohl-cl/monogopkg/pkg2/pkg3 v0.0.0-20190422232016-d2c3d30ade58/go.mod h1:8nzOJUOnQv2AnzWs2c41WBMbHJMAGXvkGqmWXLyn3+s=
github.com/ymohl-cl/monogopkg/pkg2/pkg4 v0.0.0-20190422232016-d2c3d30ade58 h1:A8SfhMKZkI2yCQQHXj+XYa6P48sUuOSCTLu/IeYB3j0=
github.com/ymohl-cl/monogopkg/pkg2/pkg4 v0.0.0-20190422232016-d2c3d30ade58/go.mod h1:GGI75elGObQWIj99qEG0C4MnonGfmSEFheZg1NkMUXE=
github.com/ymohl-cl/monogopkg/pkg2/pkg5 v0.0.0-20190422232016-d2c3d30ade58 h1:b7ciS13XarRDUzDrpJEwXI3+8v65HiSxrSeWw6AEgUw=
github.com/ymohl-cl/monogopkg/pkg2/pkg5 v0.0.0-20190422232016-d2c3d30ade58/go.mod h1:gy/kFWvQxo6r2j3EDc6Cr4jYHkx+FGpa/cYblSA97/k=
